
Microsoft Visual Studio Solution File, Format Version 12.00
# Visual Studio Version 16
VisualStudioVersion = 16.0.31205.134
MinimumVisualStudioVersion = 10.0.40219.1
Project("{9A19103F-16F7-4668-BE54-9A1E7A4F7556}") = "Desafio.Domain", "Desafio.Domain\Desafio.Domain.csproj", "{AC686F62-5BDD-473E-B9FF-A631C98C5D3F}"
EndProject
Project("{9A19103F-16F7-4668-BE54-9A1E7A4F7556}") = "Desafio.Infra", "Desafio.Infra\Desafio.Infra.csproj", "{B98E2CAC-FA9E-4C07-9401-C3EBB58BE80C}"
EndProject
Project("{9A19103F-16F7-4668-BE54-9A1E7A4F7556}") = "Desafio.Application", "Desafio.Application\Desafio.Application.csproj", "{DEEAEB95-EA43-48C5-884E-6694022EAFCB}"
EndProject
Project("{9A19103F-16F7-4668-BE54-9A1E7A4F7556}") = "Desafio.API", "Desafio.API\Desafio.API.csproj", "{8CE42AAA-6805-42D1-BF85-49F90858D6F1}"
EndProject
Project("{E53339B2-1760-4266-BCC7-CA923CBCF16C}") = "docker-compose", "docker-compose.dcproj", "{651E8AEF-375E-40E9-B69D-022A326C2F15}"
EndProject
Global
	GlobalSection(SolutionConfigurationPlatforms) = preSolution
		Debug|Any CPU = Debug|Any CPU
		Release|Any CPU = Release|Any CPU
	EndGlobalSection
	GlobalSection(ProjectConfigurationPlatforms) = postSolution
		{AC686F62-5BDD-473E-B9FF-A631C98C5D3F}.Debug|Any CPU.ActiveCfg = Debug|Any CPU
		{AC686F62-5BDD-473E-B9FF-A631C98C5D3F}.Debug|Any CPU.Build.0 = Debug|Any CPU
		{AC686F62-5BDD-473E-B9FF-A631C98C5D3F}.Release|Any CPU.ActiveCfg = Release|Any CPU
		{AC686F62-5BDD-473E-B9FF-A631C98C5D3F}.Release|Any CPU.Build.0 = Release|Any CPU
		{B98E2CAC-FA9E-4C07-9401-C3EBB58BE80C}.Debug|Any CPU.ActiveCfg = Debug|Any CPU
		{B98E2CAC-FA9E-4C07-9401-C3EBB58BE80C}.Debug|Any CPU.Build.0 = Debug|Any CPU
		{B98E2CAC-FA9E-4C07-9401-C3EBB58BE80C}.Release|Any CPU.ActiveCfg = Release|Any CPU
		{B98E2CAC-FA9E-4C07-9401-C3EBB58BE80C}.Release|Any CPU.Build.0 = Release|Any CPU
		{DEEAEB95-EA43-48C5-884E-6694022EAFCB}.Debug|Any CPU.ActiveCfg = Debug|Any CPU
		{DEEAEB95-EA43-48C5-884E-6694022EAFCB}.Debug|Any CPU.Build.0 = Debug|Any CPU
		{DEEAEB95-EA43-48C5-884E-6694022EAFCB}.Release|Any CPU.ActiveCfg = Release|Any CPU
		{DEEAEB95-EA43-48C5-884E-6694022EAFCB}.Release|Any CPU.Build.0 = Release|Any CPU
		{8CE42AAA-6805-42D1-BF85-49F90858D6F1}.Debug|Any CPU.ActiveCfg = Debug|Any CPU
		{8CE42AAA-6805-42D1-BF85-49F90858D6F1}.Debug|Any CPU.Build.0 = Debug|Any CPU
		{8CE42AAA-6805-42D1-BF85-49F90858D6F1}.Release|Any CPU.ActiveCfg = Release|Any CPU
		{8CE42AAA-6805-42D1-BF85-49F90858D6F1}.Release|Any CPU.Build.0 = Release|Any CPU
		{651E8AEF-375E-40E9-B69D-022A326C2F15}.Debug|Any CPU.ActiveCfg = Debug|Any CPU
		{651E8AEF-375E-40E9-B69D-022A326C2F15}.Debug|Any CPU.Build.0 = Debug|Any CPU
		{651E8AEF-375E-40E9-B69D-022A326C2F15}.Release|Any CPU.ActiveCfg = Release|Any CPU
		{651E8AEF-375E-40E9-B69D-022A326C2F15}.Release|Any CPU.Build.0 = Release|Any CPU
	EndGlobalSection
	GlobalSection(SolutionProperties) = preSolution
		HideSolutionNode = FALSE
	EndGlobalSection
	GlobalSection(ExtensibilityGlobals) = postSolution
		SolutionGuid = {6F305D40-7504-4E33-B1F6-D2AE577D9FE9}
	EndGlobalSection
EndGlobal
